
Microsoft Visual Studio Solution File, Format Version 12.00
# Visual Studio Version 17
VisualStudioVersion = 17.4.33205.214
MinimumVisualStudioVersion = 10.0.40219.1
Project("{888888A0-9F3D-457C-B088-3A5042F75D52}") = "tsuklid", "tsuklid\tsuklid.pyproj", "{A9DB4B83-603A-4EF3-A9EE-A34623F12D38}"
EndProject
Global
	GlobalSection(SolutionConfigurationPlatforms) = preSolution
		Debug|Any CPU = Debug|Any CPU
		Release|Any CPU = Release|Any CPU
	EndGlobalSection
	GlobalSection(ProjectConfigurationPlatforms) = postSolution
		{A9DB4B83-603A-4EF3-A9EE-A34623F12D38}.Debug|Any CPU.ActiveCfg = Debug|Any CPU
		{A9DB4B83-603A-4EF3-A9EE-A34623F12D38}.Release|Any CPU.ActiveCfg = Release|Any CPU
	EndGlobalSection
	GlobalSection(SolutionProperties) = preSolution
		HideSolutionNode = FALSE
	EndGlobalSection
	GlobalSection(ExtensibilityGlobals) = postSolution
		SolutionGuid = {2EB98376-C7B6-4A7A-BB07-EDD9D123ED40}
	EndGlobalSection
EndGlobal
